
Microsoft Visual Studio Solution File, Format Version 12.00
# Visual Studio Version 17
VisualStudioVersion = 17.0.31903.59
MinimumVisualStudioVersion = 10.0.40219.1
Project("{2150E333-8FDC-42A3-9474-1A3956D46DE8}") = "src", "src", "{A3A950F1-6E61-41AB-AA0E-8A3A32B354A2}"
EndProject
Project("{FAE04EC0-301F-11D3-BF4B-00C04F79EFBC}") = "AdB2cTests.Api", "src\AdB2cTests.Api\AdB2cTests.Api.csproj", "{825CFBAF-C6B1-49B2-9DA9-81A4C60DCBA1}"
EndProject
Global
	GlobalSection(SolutionConfigurationPlatforms) = preSolution
		Debug|Any CPU = Debug|Any CPU
		Release|Any CPU = Release|Any CPU
	EndGlobalSection
	GlobalSection(SolutionProperties) = preSolution
		HideSolutionNode = FALSE
	EndGlobalSection
	GlobalSection(ProjectConfigurationPlatforms) = postSolution
		{825CFBAF-C6B1-49B2-9DA9-81A4C60DCBA1}.Debug|Any CPU.ActiveCfg = Debug|Any CPU
		{825CFBAF-C6B1-49B2-9DA9-81A4C60DCBA1}.Debug|Any CPU.Build.0 = Debug|Any CPU
		{825CFBAF-C6B1-49B2-9DA9-81A4C60DCBA1}.Release|Any CPU.ActiveCfg = Release|Any CPU
		{825CFBAF-C6B1-49B2-9DA9-81A4C60DCBA1}.Release|Any CPU.Build.0 = Release|Any CPU
	EndGlobalSection
	GlobalSection(NestedProjects) = preSolution
		{825CFBAF-C6B1-49B2-9DA9-81A4C60DCBA1} = {A3A950F1-6E61-41AB-AA0E-8A3A32B354A2}
	EndGlobalSection
EndGlobal
